// !$*UTF8*$!
{
	archiveVersion = 1;
	classes = {
	};
	objectVersion = 55;
	objects = {

/* Begin PBXBuildFile section */
		0AA456AF4C162D9C8AF6AB30 /* Pods_vexl.framework in Frameworks */ = {isa = PBXBuildFile; fileRef = 57B3CAA27CF4369A28B748A7 /* Pods_vexl.framework */; };
		B08F38DF27AE7110008B344F /* DIContainer.swift in Sources */ = {isa = PBXBuildFile; fileRef = B08F38DE27AE7110008B344F /* DIContainer.swift */; };
		B08F38E227AE7110008B344F /* Inject.swift in Sources */ = {isa = PBXBuildFile; fileRef = B08F38E127AE7110008B344F /* Inject.swift */; };
		B08F390327AE7110008B344F /* LaunchScreen.storyboard in Resources */ = {isa = PBXBuildFile; fileRef = B08F390127AE7110008B344F /* LaunchScreen.storyboard */; };
		B08F390727AE7110008B344F /* UserDefault.swift in Sources */ = {isa = PBXBuildFile; fileRef = B08F390627AE7110008B344F /* UserDefault.swift */; };
		B08F390D27AE7110008B344F /* InfoBarView.swift in Sources */ = {isa = PBXBuildFile; fileRef = B08F390C27AE7110008B344F /* InfoBarView.swift */; };
		B08F390F27AE7112008B344F /* Assets.xcassets in Resources */ = {isa = PBXBuildFile; fileRef = B08F390E27AE7112008B344F /* Assets.xcassets */; };
		B08F391327AE7112008B344F /* ManagerAssembly.swift in Sources */ = {isa = PBXBuildFile; fileRef = B08F391227AE7112008B344F /* ManagerAssembly.swift */; };
		B08F391527AE7112008B344F /* ApiService.swift in Sources */ = {isa = PBXBuildFile; fileRef = B08F391427AE7112008B344F /* ApiService.swift */; };
		B08F391727AE7112008B344F /* AuthenticationManager.swift in Sources */ = {isa = PBXBuildFile; fileRef = B08F391627AE7112008B344F /* AuthenticationManager.swift */; };
		B08F391927AE7112008B344F /* User.swift in Sources */ = {isa = PBXBuildFile; fileRef = B08F391827AE7112008B344F /* User.swift */; };
		B08F391C27AE7112008B344F /* BaseService.swift in Sources */ = {isa = PBXBuildFile; fileRef = B08F391B27AE7112008B344F /* BaseService.swift */; };
		B08F391E27AE7112008B344F /* AppDelegate.swift in Sources */ = {isa = PBXBuildFile; fileRef = B08F391D27AE7112008B344F /* AppDelegate.swift */; };
		B08F392027AE7112008B344F /* UserDefaultsConfig.swift in Sources */ = {isa = PBXBuildFile; fileRef = B08F391F27AE7112008B344F /* UserDefaultsConfig.swift */; };
		B08F392227AE7112008B344F /* UIColor+.swift in Sources */ = {isa = PBXBuildFile; fileRef = B08F392127AE7112008B344F /* UIColor+.swift */; };
		B08F392627AE7112008B344F /* R.generated.swift in Sources */ = {isa = PBXBuildFile; fileRef = B08F392527AE7112008B344F /* R.generated.swift */; };
		B08F392A27AE7112008B344F /* ServiceAssembly.swift in Sources */ = {isa = PBXBuildFile; fileRef = B08F392927AE7112008B344F /* ServiceAssembly.swift */; };
		B08F392C27AE7112008B344F /* ApiInterceptor.swift in Sources */ = {isa = PBXBuildFile; fileRef = B08F392B27AE7112008B344F /* ApiInterceptor.swift */; };
		B08F392E27AE7112008B344F /* UserService.swift in Sources */ = {isa = PBXBuildFile; fileRef = B08F392D27AE7112008B344F /* UserService.swift */; };
		B08F393227AE7112008B344F /* SceneDelegate.swift in Sources */ = {isa = PBXBuildFile; fileRef = B08F393127AE7112008B344F /* SceneDelegate.swift */; };
		B08F393627AE7112008B344F /* UIDevice+.swift in Sources */ = {isa = PBXBuildFile; fileRef = B08F393527AE7112008B344F /* UIDevice+.swift */; };
		B08F393A27AE7112008B344F /* Localizable.strings in Resources */ = {isa = PBXBuildFile; fileRef = B08F393927AE7112008B344F /* Localizable.strings */; };
		B08F393F27AE7112008B344F /* APIError.swift in Sources */ = {isa = PBXBuildFile; fileRef = B08F393E27AE7112008B344F /* APIError.swift */; };
		B08F394127AE7112008B344F /* Shortcuts.swift in Sources */ = {isa = PBXBuildFile; fileRef = B08F394027AE7112008B344F /* Shortcuts.swift */; };
		B08F394327AE7112008B344F /* Keychain+.swift in Sources */ = {isa = PBXBuildFile; fileRef = B08F394227AE7112008B344F /* Keychain+.swift */; };
		B08F394527AE7112008B344F /* ReusableView.swift in Sources */ = {isa = PBXBuildFile; fileRef = B08F394427AE7112008B344F /* ReusableView.swift */; };
		B08F394727AE7112008B344F /* Generic.strings in Resources */ = {isa = PBXBuildFile; fileRef = B08F394627AE7112008B344F /* Generic.strings */; };
		B08F394B27AE7112008B344F /* ServerError.swift in Sources */ = {isa = PBXBuildFile; fileRef = B08F394A27AE7112008B344F /* ServerError.swift */; };
		B08F394D27AE7112008B344F /* AppCoordinator.swift in Sources */ = {isa = PBXBuildFile; fileRef = B08F394C27AE7112008B344F /* AppCoordinator.swift */; };
		B08F394F27AE7112008B344F /* Localization.swift in Sources */ = {isa = PBXBuildFile; fileRef = B08F394E27AE7112008B344F /* Localization.swift */; };
		B08F395727AE7112008B344F /* ApiRouter.swift in Sources */ = {isa = PBXBuildFile; fileRef = B08F395627AE7112008B344F /* ApiRouter.swift */; };
		B08F395927AE7112008B344F /* ClientAPIError.swift in Sources */ = {isa = PBXBuildFile; fileRef = B08F395827AE7112008B344F /* ClientAPIError.swift */; };
		B08F395B27AE7112008B344F /* Appearance.swift in Sources */ = {isa = PBXBuildFile; fileRef = B08F395A27AE7112008B344F /* Appearance.swift */; };
		B08F395F27AE7112008B344F /* String+.swift in Sources */ = {isa = PBXBuildFile; fileRef = B08F395E27AE7112008B344F /* String+.swift */; };
		B08F396427AE7112008B344F /* UserError.swift in Sources */ = {isa = PBXBuildFile; fileRef = B08F396327AE7112008B344F /* UserError.swift */; };
		B08F396627AE7112008B344F /* Constants.swift in Sources */ = {isa = PBXBuildFile; fileRef = B08F396527AE7112008B344F /* Constants.swift */; };
		B08F396A27AE7112008B344F /* URLRequest+.swift in Sources */ = {isa = PBXBuildFile; fileRef = B08F396927AE7112008B344F /* URLRequest+.swift */; };
		B08F397027AE7112008B344F /* UserRouter.swift in Sources */ = {isa = PBXBuildFile; fileRef = B08F396F27AE7112008B344F /* UserRouter.swift */; };
		B08F397227AE7112008B344F /* Formatters.swift in Sources */ = {isa = PBXBuildFile; fileRef = B08F397127AE7112008B344F /* Formatters.swift */; };
		B08F397627AE7112008B344F /* Error+.swift in Sources */ = {isa = PBXBuildFile; fileRef = B08F397527AE7112008B344F /* Error+.swift */; };
		B08F397A27AE7112008B344F /* Codable+.swift in Sources */ = {isa = PBXBuildFile; fileRef = B08F397927AE7112008B344F /* Codable+.swift */; };
		B08F397C27AE7112008B344F /* SwipeNavigationController.swift in Sources */ = {isa = PBXBuildFile; fileRef = B08F397B27AE7112008B344F /* SwipeNavigationController.swift */; };
		B08F397E27AE7112008B344F /* UIViewController+.swift in Sources */ = {isa = PBXBuildFile; fileRef = B08F397D27AE7112008B344F /* UIViewController+.swift */; };
		B08F398827AE7112008B344F /* vexlTests.swift in Sources */ = {isa = PBXBuildFile; fileRef = B08F398727AE7112008B344F /* vexlTests.swift */; };
		B08F399327AE7D1F008B344F /* SplashScreenCoordinator.swift in Sources */ = {isa = PBXBuildFile; fileRef = B08F399227AE7D1F008B344F /* SplashScreenCoordinator.swift */; };
		B08F399527AE7D29008B344F /* SplashScreenViewModel.swift in Sources */ = {isa = PBXBuildFile; fileRef = B08F399427AE7D29008B344F /* SplashScreenViewModel.swift */; };
		B08F399727AE7D33008B344F /* SplashScreenView.swift in Sources */ = {isa = PBXBuildFile; fileRef = B08F399627AE7D33008B344F /* SplashScreenView.swift */; };
		B08F399A27AE7D87008B344F /* OnboardingCoordinator.swift in Sources */ = {isa = PBXBuildFile; fileRef = B08F399927AE7D87008B344F /* OnboardingCoordinator.swift */; };
		B08F399C27AE7D8D008B344F /* OnboardingViewModel.swift in Sources */ = {isa = PBXBuildFile; fileRef = B08F399B27AE7D8D008B344F /* OnboardingViewModel.swift */; };
		B08F399E27AE7D92008B344F /* OnboardingView.swift in Sources */ = {isa = PBXBuildFile; fileRef = B08F399D27AE7D92008B344F /* OnboardingView.swift */; };
		B0EEE11627B14D320097031E /* WelcomeCoordinator.swift in Sources */ = {isa = PBXBuildFile; fileRef = B0EEE11527B14D320097031E /* WelcomeCoordinator.swift */; };
		B0EEE11827B14D360097031E /* WelcomeViewModel.swift in Sources */ = {isa = PBXBuildFile; fileRef = B0EEE11727B14D360097031E /* WelcomeViewModel.swift */; };
		B0EEE11A27B14D3D0097031E /* WelcomeView.swift in Sources */ = {isa = PBXBuildFile; fileRef = B0EEE11927B14D3D0097031E /* WelcomeView.swift */; };
		B0F206EF27AE8F6900A44E72 /* Publisher+.swift in Sources */ = {isa = PBXBuildFile; fileRef = B0F206EE27AE8F6900A44E72 /* Publisher+.swift */; };
		B0F206F127AE94C400A44E72 /* InitialScreenManager.swift in Sources */ = {isa = PBXBuildFile; fileRef = B0F206F027AE94C400A44E72 /* InitialScreenManager.swift */; };
		B0F206F327AEA4C800A44E72 /* WindowCoordinator.swift in Sources */ = {isa = PBXBuildFile; fileRef = B0F206F227AEA4C800A44E72 /* WindowCoordinator.swift */; };
		B0F206F727AEB2C000A44E72 /* UIViewStyle.swift in Sources */ = {isa = PBXBuildFile; fileRef = B0F206F627AEB2C000A44E72 /* UIViewStyle.swift */; };
		B0F206FE27AEBDD500A44E72 /* AuthRouter.swift in Sources */ = {isa = PBXBuildFile; fileRef = B0F206FD27AEBDD500A44E72 /* AuthRouter.swift */; };
		C1A0B48D6D54EB5D7D8929FB /* Pods_vexl_vexlTests.framework in Frameworks */ = {isa = PBXBuildFile; fileRef = D776C4D0B95B9F6E229AF7E4 /* Pods_vexl_vexlTests.framework */; };
		F1042BA227BEADB70048C2F0 /* WelcomeView+Agreement.swift in Sources */ = {isa = PBXBuildFile; fileRef = F1042BA127BEADB70048C2F0 /* WelcomeView+Agreement.swift */; };
		F1042BA527BEF0360048C2F0 /* OnboardingView+PageControl.swift in Sources */ = {isa = PBXBuildFile; fileRef = F1042BA427BEF0360048C2F0 /* OnboardingView+PageControl.swift */; };
		F1C6D09727BDAD7F009BD506 /* LargeButton.swift in Sources */ = {isa = PBXBuildFile; fileRef = F1C6D09627BDAD7F009BD506 /* LargeButton.swift */; };
		F1C6D09E27BDDD4C009BD506 /* TextStyle.swift in Sources */ = {isa = PBXBuildFile; fileRef = F1C6D09D27BDDD4C009BD506 /* TextStyle.swift */; };
		F1C6D0A027BDECB0009BD506 /* WelcomeView+LogoImageView.swift in Sources */ = {isa = PBXBuildFile; fileRef = F1C6D09F27BDECB0009BD506 /* WelcomeView+LogoImageView.swift */; };
		F1C6D0A227BE9157009BD506 /* LinkTextView.swift in Sources */ = {isa = PBXBuildFile; fileRef = F1C6D0A127BE9157009BD506 /* LinkTextView.swift */; };
/* End PBXBuildFile section */

/* Begin PBXContainerItemProxy section */
		B08F398427AE7112008B344F /* PBXContainerItemProxy */ = {
			isa = PBXContainerItemProxy;
			containerPortal = B08F38B127AE7110008B344F /* Project object */;
			proxyType = 1;
			remoteGlobalIDString = B08F38BC27AE7110008B344F;
			remoteInfo = vexl;
		};
/* End PBXContainerItemProxy section */

/* Begin PBXFileReference section */
		1627349009CA3CC8460BA3C3 /* Pods-vexl-vexlTests.debug.xcconfig */ = {isa = PBXFileReference; includeInIndex = 1; lastKnownFileType = text.xcconfig; name = "Pods-vexl-vexlTests.debug.xcconfig"; path = "Target Support Files/Pods-vexl-vexlTests/Pods-vexl-vexlTests.debug.xcconfig"; sourceTree = "<group>"; };
		57B3CAA27CF4369A28B748A7 /* Pods_vexl.framework */ = {isa = PBXFileReference; explicitFileType = wrapper.framework; includeInIndex = 0; path = Pods_vexl.framework; sourceTree = BUILT_PRODUCTS_DIR; };
		625779B2774E3C48F23BBA21 /* Pods-vexl.release.xcconfig */ = {isa = PBXFileReference; includeInIndex = 1; lastKnownFileType = text.xcconfig; name = "Pods-vexl.release.xcconfig"; path = "Target Support Files/Pods-vexl/Pods-vexl.release.xcconfig"; sourceTree = "<group>"; };
		B08F38BD27AE7110008B344F /* vexl.app */ = {isa = PBXFileReference; explicitFileType = wrapper.application; includeInIndex = 0; path = vexl.app; sourceTree = BUILT_PRODUCTS_DIR; };
		B08F38C027AE7110008B344F /* Info.plist */ = {isa = PBXFileReference; lastKnownFileType = text.plist.xml; path = Info.plist; sourceTree = "<group>"; };
		B08F38C927AE7110008B344F /* Changelog.txt */ = {isa = PBXFileReference; lastKnownFileType = text; name = Changelog.txt; path = ../Changelog.txt; sourceTree = "<group>"; };
		B08F38DE27AE7110008B344F /* DIContainer.swift */ = {isa = PBXFileReference; lastKnownFileType = sourcecode.swift; path = DIContainer.swift; sourceTree = "<group>"; };
		B08F38E127AE7110008B344F /* Inject.swift */ = {isa = PBXFileReference; lastKnownFileType = sourcecode.swift; path = Inject.swift; sourceTree = "<group>"; };
		B08F390227AE7110008B344F /* Base */ = {isa = PBXFileReference; lastKnownFileType = file.storyboard; name = Base; path = Base.lproj/LaunchScreen.storyboard; sourceTree = "<group>"; };
		B08F390627AE7110008B344F /* UserDefault.swift */ = {isa = PBXFileReference; lastKnownFileType = sourcecode.swift; path = UserDefault.swift; sourceTree = "<group>"; };
		B08F390C27AE7110008B344F /* InfoBarView.swift */ = {isa = PBXFileReference; lastKnownFileType = sourcecode.swift; path = InfoBarView.swift; sourceTree = "<group>"; };
		B08F390E27AE7112008B344F /* Assets.xcassets */ = {isa = PBXFileReference; lastKnownFileType = folder.assetcatalog; path = Assets.xcassets; sourceTree = "<group>"; };
		B08F391227AE7112008B344F /* ManagerAssembly.swift */ = {isa = PBXFileReference; lastKnownFileType = sourcecode.swift; path = ManagerAssembly.swift; sourceTree = "<group>"; };
		B08F391427AE7112008B344F /* ApiService.swift */ = {isa = PBXFileReference; lastKnownFileType = sourcecode.swift; path = ApiService.swift; sourceTree = "<group>"; };
		B08F391627AE7112008B344F /* AuthenticationManager.swift */ = {isa = PBXFileReference; lastKnownFileType = sourcecode.swift; path = AuthenticationManager.swift; sourceTree = "<group>"; };
		B08F391827AE7112008B344F /* User.swift */ = {isa = PBXFileReference; lastKnownFileType = sourcecode.swift; path = User.swift; sourceTree = "<group>"; };
		B08F391B27AE7112008B344F /* BaseService.swift */ = {isa = PBXFileReference; lastKnownFileType = sourcecode.swift; path = BaseService.swift; sourceTree = "<group>"; };
		B08F391D27AE7112008B344F /* AppDelegate.swift */ = {isa = PBXFileReference; lastKnownFileType = sourcecode.swift; path = AppDelegate.swift; sourceTree = "<group>"; };
		B08F391F27AE7112008B344F /* UserDefaultsConfig.swift */ = {isa = PBXFileReference; lastKnownFileType = sourcecode.swift; path = UserDefaultsConfig.swift; sourceTree = "<group>"; };
		B08F392127AE7112008B344F /* UIColor+.swift */ = {isa = PBXFileReference; lastKnownFileType = sourcecode.swift; path = "UIColor+.swift"; sourceTree = "<group>"; };
		B08F392527AE7112008B344F /* R.generated.swift */ = {isa = PBXFileReference; lastKnownFileType = sourcecode.swift; path = R.generated.swift; sourceTree = "<group>"; };
		B08F392927AE7112008B344F /* ServiceAssembly.swift */ = {isa = PBXFileReference; lastKnownFileType = sourcecode.swift; path = ServiceAssembly.swift; sourceTree = "<group>"; };
		B08F392B27AE7112008B344F /* ApiInterceptor.swift */ = {isa = PBXFileReference; lastKnownFileType = sourcecode.swift; path = ApiInterceptor.swift; sourceTree = "<group>"; };
		B08F392D27AE7112008B344F /* UserService.swift */ = {isa = PBXFileReference; lastKnownFileType = sourcecode.swift; path = UserService.swift; sourceTree = "<group>"; };
		B08F393127AE7112008B344F /* SceneDelegate.swift */ = {isa = PBXFileReference; lastKnownFileType = sourcecode.swift; path = SceneDelegate.swift; sourceTree = "<group>"; };
		B08F393527AE7112008B344F /* UIDevice+.swift */ = {isa = PBXFileReference; lastKnownFileType = sourcecode.swift; path = "UIDevice+.swift"; sourceTree = "<group>"; };
		B08F393927AE7112008B344F /* Localizable.strings */ = {isa = PBXFileReference; lastKnownFileType = text.plist.strings; path = Localizable.strings; sourceTree = "<group>"; };
		B08F393E27AE7112008B344F /* APIError.swift */ = {isa = PBXFileReference; lastKnownFileType = sourcecode.swift; path = APIError.swift; sourceTree = "<group>"; };
		B08F394027AE7112008B344F /* Shortcuts.swift */ = {isa = PBXFileReference; lastKnownFileType = sourcecode.swift; path = Shortcuts.swift; sourceTree = "<group>"; };
		B08F394227AE7112008B344F /* Keychain+.swift */ = {isa = PBXFileReference; lastKnownFileType = sourcecode.swift; path = "Keychain+.swift"; sourceTree = "<group>"; };
		B08F394427AE7112008B344F /* ReusableView.swift */ = {isa = PBXFileReference; lastKnownFileType = sourcecode.swift; path = ReusableView.swift; sourceTree = "<group>"; };
		B08F394627AE7112008B344F /* Generic.strings */ = {isa = PBXFileReference; lastKnownFileType = text.plist.strings; path = Generic.strings; sourceTree = "<group>"; };
		B08F394A27AE7112008B344F /* ServerError.swift */ = {isa = PBXFileReference; lastKnownFileType = sourcecode.swift; path = ServerError.swift; sourceTree = "<group>"; };
		B08F394C27AE7112008B344F /* AppCoordinator.swift */ = {isa = PBXFileReference; lastKnownFileType = sourcecode.swift; path = AppCoordinator.swift; sourceTree = "<group>"; };
		B08F394E27AE7112008B344F /* Localization.swift */ = {isa = PBXFileReference; lastKnownFileType = sourcecode.swift; path = Localization.swift; sourceTree = "<group>"; };
		B08F395427AE7112008B344F /* GoogleService-Info.plist */ = {isa = PBXFileReference; lastKnownFileType = text.plist.xml; path = "GoogleService-Info.plist"; sourceTree = "<group>"; };
		B08F395627AE7112008B344F /* ApiRouter.swift */ = {isa = PBXFileReference; lastKnownFileType = sourcecode.swift; path = ApiRouter.swift; sourceTree = "<group>"; };
		B08F395827AE7112008B344F /* ClientAPIError.swift */ = {isa = PBXFileReference; lastKnownFileType = sourcecode.swift; path = ClientAPIError.swift; sourceTree = "<group>"; };
		B08F395A27AE7112008B344F /* Appearance.swift */ = {isa = PBXFileReference; lastKnownFileType = sourcecode.swift; path = Appearance.swift; sourceTree = "<group>"; };
		B08F395E27AE7112008B344F /* String+.swift */ = {isa = PBXFileReference; lastKnownFileType = sourcecode.swift; path = "String+.swift"; sourceTree = "<group>"; };
		B08F396127AE7112008B344F /* GoogleService-Info.plist */ = {isa = PBXFileReference; lastKnownFileType = text.plist.xml; path = "GoogleService-Info.plist"; sourceTree = "<group>"; };
		B08F396327AE7112008B344F /* UserError.swift */ = {isa = PBXFileReference; lastKnownFileType = sourcecode.swift; path = UserError.swift; sourceTree = "<group>"; };
		B08F396527AE7112008B344F /* Constants.swift */ = {isa = PBXFileReference; lastKnownFileType = sourcecode.swift; path = Constants.swift; sourceTree = "<group>"; };
		B08F396927AE7112008B344F /* URLRequest+.swift */ = {isa = PBXFileReference; lastKnownFileType = sourcecode.swift; path = "URLRequest+.swift"; sourceTree = "<group>"; };
		B08F396C27AE7112008B344F /* GoogleService-Info.plist */ = {isa = PBXFileReference; lastKnownFileType = text.plist.xml; path = "GoogleService-Info.plist"; sourceTree = "<group>"; };
		B08F396F27AE7112008B344F /* UserRouter.swift */ = {isa = PBXFileReference; lastKnownFileType = sourcecode.swift; path = UserRouter.swift; sourceTree = "<group>"; };
		B08F397127AE7112008B344F /* Formatters.swift */ = {isa = PBXFileReference; lastKnownFileType = sourcecode.swift; path = Formatters.swift; sourceTree = "<group>"; };
		B08F397527AE7112008B344F /* Error+.swift */ = {isa = PBXFileReference; lastKnownFileType = sourcecode.swift; path = "Error+.swift"; sourceTree = "<group>"; };
		B08F397927AE7112008B344F /* Codable+.swift */ = {isa = PBXFileReference; lastKnownFileType = sourcecode.swift; path = "Codable+.swift"; sourceTree = "<group>"; };
		B08F397B27AE7112008B344F /* SwipeNavigationController.swift */ = {isa = PBXFileReference; lastKnownFileType = sourcecode.swift; path = SwipeNavigationController.swift; sourceTree = "<group>"; };
		B08F397D27AE7112008B344F /* UIViewController+.swift */ = {isa = PBXFileReference; lastKnownFileType = sourcecode.swift; path = "UIViewController+.swift"; sourceTree = "<group>"; };
		B08F398327AE7112008B344F /* vexlTests.xctest */ = {isa = PBXFileReference; explicitFileType = wrapper.cfbundle; includeInIndex = 0; path = vexlTests.xctest; sourceTree = BUILT_PRODUCTS_DIR; };
		B08F398727AE7112008B344F /* vexlTests.swift */ = {isa = PBXFileReference; lastKnownFileType = sourcecode.swift; path = vexlTests.swift; sourceTree = "<group>"; };
		B08F399227AE7D1F008B344F /* SplashScreenCoordinator.swift */ = {isa = PBXFileReference; lastKnownFileType = sourcecode.swift; path = SplashScreenCoordinator.swift; sourceTree = "<group>"; };
		B08F399427AE7D29008B344F /* SplashScreenViewModel.swift */ = {isa = PBXFileReference; lastKnownFileType = sourcecode.swift; path = SplashScreenViewModel.swift; sourceTree = "<group>"; };
		B08F399627AE7D33008B344F /* SplashScreenView.swift */ = {isa = PBXFileReference; lastKnownFileType = sourcecode.swift; path = SplashScreenView.swift; sourceTree = "<group>"; };
		B08F399927AE7D87008B344F /* OnboardingCoordinator.swift */ = {isa = PBXFileReference; lastKnownFileType = sourcecode.swift; path = OnboardingCoordinator.swift; sourceTree = "<group>"; };
		B08F399B27AE7D8D008B344F /* OnboardingViewModel.swift */ = {isa = PBXFileReference; lastKnownFileType = sourcecode.swift; path = OnboardingViewModel.swift; sourceTree = "<group>"; };
		B08F399D27AE7D92008B344F /* OnboardingView.swift */ = {isa = PBXFileReference; lastKnownFileType = sourcecode.swift; path = OnboardingView.swift; sourceTree = "<group>"; };
		B0EEE11527B14D320097031E /* WelcomeCoordinator.swift */ = {isa = PBXFileReference; lastKnownFileType = sourcecode.swift; path = WelcomeCoordinator.swift; sourceTree = "<group>"; };
		B0EEE11727B14D360097031E /* WelcomeViewModel.swift */ = {isa = PBXFileReference; lastKnownFileType = sourcecode.swift; path = WelcomeViewModel.swift; sourceTree = "<group>"; };
		B0EEE11927B14D3D0097031E /* WelcomeView.swift */ = {isa = PBXFileReference; lastKnownFileType = sourcecode.swift; path = WelcomeView.swift; sourceTree = "<group>"; };
		B0F206EE27AE8F6900A44E72 /* Publisher+.swift */ = {isa = PBXFileReference; lastKnownFileType = sourcecode.swift; path = "Publisher+.swift"; sourceTree = "<group>"; };
		B0F206F027AE94C400A44E72 /* InitialScreenManager.swift */ = {isa = PBXFileReference; lastKnownFileType = sourcecode.swift; path = InitialScreenManager.swift; sourceTree = "<group>"; };
		B0F206F227AEA4C800A44E72 /* WindowCoordinator.swift */ = {isa = PBXFileReference; lastKnownFileType = sourcecode.swift; path = WindowCoordinator.swift; sourceTree = "<group>"; };
		B0F206F627AEB2C000A44E72 /* UIViewStyle.swift */ = {isa = PBXFileReference; lastKnownFileType = sourcecode.swift; path = UIViewStyle.swift; sourceTree = "<group>"; };
		B0F206FD27AEBDD500A44E72 /* AuthRouter.swift */ = {isa = PBXFileReference; lastKnownFileType = sourcecode.swift; path = AuthRouter.swift; sourceTree = "<group>"; };
		D2644FB5ADC4F80BBF36B73B /* Pods-vexl-vexlTests.release.xcconfig */ = {isa = PBXFileReference; includeInIndex = 1; lastKnownFileType = text.xcconfig; name = "Pods-vexl-vexlTests.release.xcconfig"; path = "Target Support Files/Pods-vexl-vexlTests/Pods-vexl-vexlTests.release.xcconfig"; sourceTree = "<group>"; };
		D776C4D0B95B9F6E229AF7E4 /* Pods_vexl_vexlTests.framework */ = {isa = PBXFileReference; explicitFileType = wrapper.framework; includeInIndex = 0; path = Pods_vexl_vexlTests.framework; sourceTree = BUILT_PRODUCTS_DIR; };
		DF8AC1A170DAA6A83E1E979B /* Pods-vexl.debug.xcconfig */ = {isa = PBXFileReference; includeInIndex = 1; lastKnownFileType = text.xcconfig; name = "Pods-vexl.debug.xcconfig"; path = "Target Support Files/Pods-vexl/Pods-vexl.debug.xcconfig"; sourceTree = "<group>"; };
		F1042BA127BEADB70048C2F0 /* WelcomeView+Agreement.swift */ = {isa = PBXFileReference; lastKnownFileType = sourcecode.swift; path = "WelcomeView+Agreement.swift"; sourceTree = "<group>"; };
		F1042BA427BEF0360048C2F0 /* OnboardingView+PageControl.swift */ = {isa = PBXFileReference; lastKnownFileType = sourcecode.swift; path = "OnboardingView+PageControl.swift"; sourceTree = "<group>"; };
		F1C6D09627BDAD7F009BD506 /* LargeButton.swift */ = {isa = PBXFileReference; lastKnownFileType = sourcecode.swift; path = LargeButton.swift; sourceTree = "<group>"; };
		F1C6D09D27BDDD4C009BD506 /* TextStyle.swift */ = {isa = PBXFileReference; lastKnownFileType = sourcecode.swift; path = TextStyle.swift; sourceTree = "<group>"; };
		F1C6D09F27BDECB0009BD506 /* WelcomeView+LogoImageView.swift */ = {isa = PBXFileReference; lastKnownFileType = sourcecode.swift; path = "WelcomeView+LogoImageView.swift"; sourceTree = "<group>"; };
		F1C6D0A127BE9157009BD506 /* LinkTextView.swift */ = {isa = PBXFileReference; lastKnownFileType = sourcecode.swift; path = LinkTextView.swift; sourceTree = "<group>"; };
/* End PBXFileReference section */

/* Begin PBXFrameworksBuildPhase section */
		B08F38B727AE7110008B344F /* Frameworks */ = {
			isa = PBXFrameworksBuildPhase;
			buildActionMask = 2147483647;
			files = (
				0AA456AF4C162D9C8AF6AB30 /* Pods_vexl.framework in Frameworks */,
			);
			runOnlyForDeploymentPostprocessing = 0;
		};
		B08F398027AE7112008B344F /* Frameworks */ = {
			isa = PBXFrameworksBuildPhase;
			buildActionMask = 2147483647;
			files = (
				C1A0B48D6D54EB5D7D8929FB /* Pods_vexl_vexlTests.framework in Frameworks */,
			);
			runOnlyForDeploymentPostprocessing = 0;
		};
/* End PBXFrameworksBuildPhase section */

/* Begin PBXGroup section */
		29EDF559085A3689E51570AA /* Pods */ = {
			isa = PBXGroup;
			children = (
				DF8AC1A170DAA6A83E1E979B /* Pods-vexl.debug.xcconfig */,
				625779B2774E3C48F23BBA21 /* Pods-vexl.release.xcconfig */,
				1627349009CA3CC8460BA3C3 /* Pods-vexl-vexlTests.debug.xcconfig */,
				D2644FB5ADC4F80BBF36B73B /* Pods-vexl-vexlTests.release.xcconfig */,
			);
			path = Pods;
			sourceTree = "<group>";
		};
		A5FD76CB56075DD22E000495 /* Frameworks */ = {
			isa = PBXGroup;
			children = (
				57B3CAA27CF4369A28B748A7 /* Pods_vexl.framework */,
				D776C4D0B95B9F6E229AF7E4 /* Pods_vexl_vexlTests.framework */,
			);
			name = Frameworks;
			sourceTree = "<group>";
		};
		B08F38B027AE7110008B344F = {
			isa = PBXGroup;
			children = (
				B08F38BF27AE7110008B344F /* vexl */,
				B08F398627AE7112008B344F /* vexlTests */,
				B08F38BE27AE7110008B344F /* Products */,
				29EDF559085A3689E51570AA /* Pods */,
				A5FD76CB56075DD22E000495 /* Frameworks */,
			);
			sourceTree = "<group>";
		};
		B08F38BE27AE7110008B344F /* Products */ = {
			isa = PBXGroup;
			children = (
				B08F38BD27AE7110008B344F /* vexl.app */,
				B08F398327AE7112008B344F /* vexlTests.xctest */,
			);
			name = Products;
			sourceTree = "<group>";
		};
		B08F38BF27AE7110008B344F /* vexl */ = {
			isa = PBXGroup;
			children = (
				B08F38C027AE7110008B344F /* Info.plist */,
				B08F38C927AE7110008B344F /* Changelog.txt */,
				B08F38D927AE7110008B344F /* Application */,
				B08F38DC27AE7110008B344F /* DependencyInjection */,
				B08F390427AE7110008B344F /* PropertyWrappers */,
				B08F38E327AE7110008B344F /* Helpers */,
				B08F38E627AE7110008B344F /* Extensions */,
				B08F38E927AE7110008B344F /* Protocols */,
				B08F38EC27AE7110008B344F /* Networking */,
				B08F38EF27AE7110008B344F /* Models */,
				B08F38F227AE7110008B344F /* Managers */,
				B08F38F527AE7110008B344F /* Services */,
				B08F38F827AE7110008B344F /* Views */,
				B08F38FB27AE7110008B344F /* Scenes */,
				B08F38FE27AE7110008B344F /* Resources */,
			);
			path = vexl;
			sourceTree = "<group>";
		};
		B08F38D927AE7110008B344F /* Application */ = {
			isa = PBXGroup;
			children = (
				B08F390127AE7110008B344F /* LaunchScreen.storyboard */,
				B08F391D27AE7112008B344F /* AppDelegate.swift */,
				B08F393127AE7112008B344F /* SceneDelegate.swift */,
				B08F394C27AE7112008B344F /* AppCoordinator.swift */,
			);
			path = Application;
			sourceTree = "<group>";
		};
		B08F38DC27AE7110008B344F /* DependencyInjection */ = {
			isa = PBXGroup;
			children = (
				B08F38DD27AE7110008B344F /* Container */,
			);
			path = DependencyInjection;
			sourceTree = "<group>";
		};
		B08F38DD27AE7110008B344F /* Container */ = {
			isa = PBXGroup;
			children = (
				B08F38DE27AE7110008B344F /* DIContainer.swift */,
				B08F391227AE7112008B344F /* ManagerAssembly.swift */,
				B08F392927AE7112008B344F /* ServiceAssembly.swift */,
			);
			path = Container;
			sourceTree = "<group>";
		};
		B08F38E327AE7110008B344F /* Helpers */ = {
			isa = PBXGroup;
			children = (
				F1C6D09A27BDDBC7009BD506 /* UI */,
				B08F394027AE7112008B344F /* Shortcuts.swift */,
				B08F394E27AE7112008B344F /* Localization.swift */,
				B08F397B27AE7112008B344F /* SwipeNavigationController.swift */,
				B0F206F627AEB2C000A44E72 /* UIViewStyle.swift */,
			);
			path = Helpers;
			sourceTree = "<group>";
		};
		B08F38E627AE7110008B344F /* Extensions */ = {
			isa = PBXGroup;
			children = (
				B0F206EE27AE8F6900A44E72 /* Publisher+.swift */,
				B08F392127AE7112008B344F /* UIColor+.swift */,
				B08F393527AE7112008B344F /* UIDevice+.swift */,
				B08F394227AE7112008B344F /* Keychain+.swift */,
				B08F395E27AE7112008B344F /* String+.swift */,
				B08F396927AE7112008B344F /* URLRequest+.swift */,
				B08F397527AE7112008B344F /* Error+.swift */,
				B08F397927AE7112008B344F /* Codable+.swift */,
				B08F397D27AE7112008B344F /* UIViewController+.swift */,
			);
			path = Extensions;
			sourceTree = "<group>";
		};
		B08F38E927AE7110008B344F /* Protocols */ = {
			isa = PBXGroup;
			children = (
				B08F394427AE7112008B344F /* ReusableView.swift */,
				B08F395627AE7112008B344F /* ApiRouter.swift */,
			);
			path = Protocols;
			sourceTree = "<group>";
		};
		B08F38EC27AE7110008B344F /* Networking */ = {
			isa = PBXGroup;
			children = (
				B08F391427AE7112008B344F /* ApiService.swift */,
				B08F392B27AE7112008B344F /* ApiInterceptor.swift */,
				B08F393D27AE7112008B344F /* Errors */,
				B08F396E27AE7112008B344F /* Routers */,
			);
			path = Networking;
			sourceTree = "<group>";
		};
		B08F38EF27AE7110008B344F /* Models */ = {
			isa = PBXGroup;
			children = (
				B08F391827AE7112008B344F /* User.swift */,
			);
			path = Models;
			sourceTree = "<group>";
		};
		B08F38F227AE7110008B344F /* Managers */ = {
			isa = PBXGroup;
			children = (
				B08F391627AE7112008B344F /* AuthenticationManager.swift */,
				B0F206F027AE94C400A44E72 /* InitialScreenManager.swift */,
			);
			path = Managers;
			sourceTree = "<group>";
		};
		B08F38F527AE7110008B344F /* Services */ = {
			isa = PBXGroup;
			children = (
				B08F391A27AE7112008B344F /* Networking */,
			);
			path = Services;
			sourceTree = "<group>";
		};
		B08F38F827AE7110008B344F /* Views */ = {
			isa = PBXGroup;
			children = (
				F1C6D09527BDAD71009BD506 /* Buttons */,
				B08F390C27AE7110008B344F /* InfoBarView.swift */,
				F1C6D0A127BE9157009BD506 /* LinkTextView.swift */,
			);
			path = Views;
			sourceTree = "<group>";
		};
		B08F38FB27AE7110008B344F /* Scenes */ = {
			isa = PBXGroup;
			children = (
				B0F206F227AEA4C800A44E72 /* WindowCoordinator.swift */,
				B08F399127AE7CEC008B344F /* SplashScreen */,
				B08F399827AE7D4B008B344F /* Onboarding */,
				B0EEE11427B14D0B0097031E /* Login */,
			);
			path = Scenes;
			sourceTree = "<group>";
		};
		B08F38FE27AE7110008B344F /* Resources */ = {
			isa = PBXGroup;
			children = (
				B08F395A27AE7112008B344F /* Appearance.swift */,
				B08F396527AE7112008B344F /* Constants.swift */,
				B08F397127AE7112008B344F /* Formatters.swift */,
				B08F390E27AE7112008B344F /* Assets.xcassets */,
				B08F392527AE7112008B344F /* R.generated.swift */,
				B08F393927AE7112008B344F /* Localizable.strings */,
				B08F394627AE7112008B344F /* Generic.strings */,
				B08F395227AE7112008B344F /* GoogleServices */,
			);
			path = Resources;
			sourceTree = "<group>";
		};
		B08F390427AE7110008B344F /* PropertyWrappers */ = {
			isa = PBXGroup;
			children = (
				B08F38E127AE7110008B344F /* Inject.swift */,
				B08F390527AE7110008B344F /* UserDefaults */,
			);
			path = PropertyWrappers;
			sourceTree = "<group>";
		};
		B08F390527AE7110008B344F /* UserDefaults */ = {
			isa = PBXGroup;
			children = (
				B08F390627AE7110008B344F /* UserDefault.swift */,
				B08F391F27AE7112008B344F /* UserDefaultsConfig.swift */,
			);
			path = UserDefaults;
			sourceTree = "<group>";
		};
		B08F391A27AE7112008B344F /* Networking */ = {
			isa = PBXGroup;
			children = (
				B08F391B27AE7112008B344F /* BaseService.swift */,
				B08F392D27AE7112008B344F /* UserService.swift */,
			);
			path = Networking;
			sourceTree = "<group>";
		};
		B08F393D27AE7112008B344F /* Errors */ = {
			isa = PBXGroup;
			children = (
				B08F393E27AE7112008B344F /* APIError.swift */,
				B08F394A27AE7112008B344F /* ServerError.swift */,
				B08F395827AE7112008B344F /* ClientAPIError.swift */,
				B08F396327AE7112008B344F /* UserError.swift */,
			);
			path = Errors;
			sourceTree = "<group>";
		};
		B08F395227AE7112008B344F /* GoogleServices */ = {
			isa = PBXGroup;
			children = (
				B08F395327AE7112008B344F /* AppStore */,
				B08F396027AE7112008B344F /* Debug */,
				B08F396B27AE7112008B344F /* Devel */,
			);
			path = GoogleServices;
			sourceTree = "<group>";
		};
		B08F395327AE7112008B344F /* AppStore */ = {
			isa = PBXGroup;
			children = (
				B08F395427AE7112008B344F /* GoogleService-Info.plist */,
			);
			path = AppStore;
			sourceTree = "<group>";
		};
		B08F396027AE7112008B344F /* Debug */ = {
			isa = PBXGroup;
			children = (
				B08F396127AE7112008B344F /* GoogleService-Info.plist */,
			);
			path = Debug;
			sourceTree = "<group>";
		};
		B08F396B27AE7112008B344F /* Devel */ = {
			isa = PBXGroup;
			children = (
				B08F396C27AE7112008B344F /* GoogleService-Info.plist */,
			);
			path = Devel;
			sourceTree = "<group>";
		};
		B08F396E27AE7112008B344F /* Routers */ = {
			isa = PBXGroup;
			children = (
				B08F396F27AE7112008B344F /* UserRouter.swift */,
				B0F206FD27AEBDD500A44E72 /* AuthRouter.swift */,
			);
			path = Routers;
			sourceTree = "<group>";
		};
		B08F398627AE7112008B344F /* vexlTests */ = {
			isa = PBXGroup;
			children = (
				B08F398727AE7112008B344F /* vexlTests.swift */,
			);
			path = vexlTests;
			sourceTree = "<group>";
		};
		B08F399127AE7CEC008B344F /* SplashScreen */ = {
			isa = PBXGroup;
			children = (
				B08F399227AE7D1F008B344F /* SplashScreenCoordinator.swift */,
				B08F399427AE7D29008B344F /* SplashScreenViewModel.swift */,
				B08F399627AE7D33008B344F /* SplashScreenView.swift */,
			);
			path = SplashScreen;
			sourceTree = "<group>";
		};
		B08F399827AE7D4B008B344F /* Onboarding */ = {
			isa = PBXGroup;
			children = (
				F1042BA327BEF0220048C2F0 /* Components */,
				B08F399927AE7D87008B344F /* OnboardingCoordinator.swift */,
				B08F399B27AE7D8D008B344F /* OnboardingViewModel.swift */,
				B08F399D27AE7D92008B344F /* OnboardingView.swift */,
			);
			path = Onboarding;
			sourceTree = "<group>";
		};
		B0EEE11427B14D0B0097031E /* Login */ = {
			isa = PBXGroup;
			children = (
				F1042BA027BEAD7C0048C2F0 /* Components */,
				B0EEE11527B14D320097031E /* WelcomeCoordinator.swift */,
				B0EEE11727B14D360097031E /* WelcomeViewModel.swift */,
				B0EEE11927B14D3D0097031E /* WelcomeView.swift */,
			);
			path = Login;
			sourceTree = "<group>";
		};
		F1042BA027BEAD7C0048C2F0 /* Components */ = {
			isa = PBXGroup;
			children = (
				F1C6D09F27BDECB0009BD506 /* WelcomeView+LogoImageView.swift */,
				F1042BA127BEADB70048C2F0 /* WelcomeView+Agreement.swift */,
			);
			path = Components;
			sourceTree = "<group>";
		};
		F1042BA327BEF0220048C2F0 /* Components */ = {
			isa = PBXGroup;
			children = (
				F1042BA427BEF0360048C2F0 /* OnboardingView+PageControl.swift */,
			);
			path = Components;
			sourceTree = "<group>";
		};
		F1C6D09527BDAD71009BD506 /* Buttons */ = {
			isa = PBXGroup;
			children = (
				F1C6D09627BDAD7F009BD506 /* LargeButton.swift */,
			);
			path = Buttons;
			sourceTree = "<group>";
		};
		F1C6D09A27BDDBC7009BD506 /* UI */ = {
			isa = PBXGroup;
			children = (
				F1C6D09D27BDDD4C009BD506 /* TextStyle.swift */,
			);
			path = UI;
			sourceTree = "<group>";
		};
/* End PBXGroup section */

/* Begin PBXNativeTarget section */
		B08F38BC27AE7110008B344F /* vexl */ = {
			isa = PBXNativeTarget;
			buildConfigurationList = B08F398B27AE7112008B344F /* Build configuration list for PBXNativeTarget "vexl" */;
			buildPhases = (
				1985BA3737E2CE9087D753FC /* [CP] Check Pods Manifest.lock */,
				B08F38B527AE7110008B344F /* 💪 R.swift */,
				B08F38B627AE7110008B344F /* Sources */,
				B08F38B727AE7110008B344F /* Frameworks */,
				B08F38B827AE7110008B344F /* Setup Firebase Environment GoogleService-Info.plist */,
				B08F38B927AE7110008B344F /* Resources */,
				B08F38BA27AE7110008B344F /* SwiftLint */,
				B08F38BB27AE7110008B344F /* Crashlytics */,
				FD3B2D3595F56A021A53F398 /* [CP] Embed Pods Frameworks */,
			);
			buildRules = (
			);
			dependencies = (
			);
			name = vexl;
			productName = vexl;
			productReference = B08F38BD27AE7110008B344F /* vexl.app */;
			productType = "com.apple.product-type.application";
		};
		B08F398227AE7112008B344F /* vexlTests */ = {
			isa = PBXNativeTarget;
			buildConfigurationList = B08F398E27AE7112008B344F /* Build configuration list for PBXNativeTarget "vexlTests" */;
			buildPhases = (
				99C2110C0FA09AEA3A9CA4B5 /* [CP] Check Pods Manifest.lock */,
				B08F397F27AE7112008B344F /* Sources */,
				B08F398027AE7112008B344F /* Frameworks */,
				B08F398127AE7112008B344F /* Resources */,
				ABC77DBE33D4E58584E972EA /* [CP] Embed Pods Frameworks */,
			);
			buildRules = (
			);
			dependencies = (
				B08F398527AE7112008B344F /* PBXTargetDependency */,
			);
			name = vexlTests;
			productName = vexlTests;
			productReference = B08F398327AE7112008B344F /* vexlTests.xctest */;
			productType = "com.apple.product-type.bundle.unit-test";
		};
/* End PBXNativeTarget section */

/* Begin PBXProject section */
		B08F38B127AE7110008B344F /* Project object */ = {
			isa = PBXProject;
			attributes = {
				BuildIndependentTargetsInParallel = 1;
				LastSwiftUpdateCheck = 1320;
				LastUpgradeCheck = 1320;
				TargetAttributes = {
					B08F38BC27AE7110008B344F = {
						CreatedOnToolsVersion = 13.2.1;
					};
					B08F398227AE7112008B344F = {
						CreatedOnToolsVersion = 13.2.1;
						TestTargetID = B08F38BC27AE7110008B344F;
					};
				};
			};
			buildConfigurationList = B08F38B427AE7110008B344F /* Build configuration list for PBXProject "vexl" */;
			compatibilityVersion = "Xcode 13.0";
			developmentRegion = en;
			hasScannedForEncodings = 0;
			knownRegions = (
				en,
				Base,
			);
			mainGroup = B08F38B027AE7110008B344F;
			productRefGroup = B08F38BE27AE7110008B344F /* Products */;
			projectDirPath = "";
			projectRoot = "";
			targets = (
				B08F38BC27AE7110008B344F /* vexl */,
				B08F398227AE7112008B344F /* vexlTests */,
			);
		};
/* End PBXProject section */

/* Begin PBXResourcesBuildPhase section */
		B08F38B927AE7110008B344F /* Resources */ = {
			isa = PBXResourcesBuildPhase;
			buildActionMask = 2147483647;
			files = (
				B08F394727AE7112008B344F /* Generic.strings in Resources */,
				B08F390327AE7110008B344F /* LaunchScreen.storyboard in Resources */,
				B08F393A27AE7112008B344F /* Localizable.strings in Resources */,
				B08F390F27AE7112008B344F /* Assets.xcassets in Resources */,
			);
			runOnlyForDeploymentPostprocessing = 0;
		};
		B08F398127AE7112008B344F /* Resources */ = {
			isa = PBXResourcesBuildPhase;
			buildActionMask = 2147483647;
			files = (
			);
			runOnlyForDeploymentPostprocessing = 0;
		};
/* End PBXResourcesBuildPhase section */

/* Begin PBXShellScriptBuildPhase section */
		1985BA3737E2CE9087D753FC /* [CP] Check Pods Manifest.lock */ = {
			isa = PBXShellScriptBuildPhase;
			buildActionMask = 2147483647;
			files = (
			);
			inputFileListPaths = (
			);
			inputPaths = (
				"${PODS_PODFILE_DIR_PATH}/Podfile.lock",
				"${PODS_ROOT}/Manifest.lock",
			);
			name = "[CP] Check Pods Manifest.lock";
			outputFileListPaths = (
			);
			outputPaths = (
				"$(DERIVED_FILE_DIR)/Pods-vexl-checkManifestLockResult.txt",
			);
			runOnlyForDeploymentPostprocessing = 0;
			shellPath = /bin/sh;
			shellScript = "diff \"${PODS_PODFILE_DIR_PATH}/Podfile.lock\" \"${PODS_ROOT}/Manifest.lock\" > /dev/null\nif [ $? != 0 ] ; then\n    # print error to STDERR\n    echo \"error: The sandbox is not in sync with the Podfile.lock. Run 'pod install' or update your CocoaPods installation.\" >&2\n    exit 1\nfi\n# This output is used by Xcode 'outputs' to avoid re-running this script phase.\necho \"SUCCESS\" > \"${SCRIPT_OUTPUT_FILE_0}\"\n";
			showEnvVarsInLog = 0;
		};
		99C2110C0FA09AEA3A9CA4B5 /* [CP] Check Pods Manifest.lock */ = {
			isa = PBXShellScriptBuildPhase;
			buildActionMask = 2147483647;
			files = (
			);
			inputFileListPaths = (
			);
			inputPaths = (
				"${PODS_PODFILE_DIR_PATH}/Podfile.lock",
				"${PODS_ROOT}/Manifest.lock",
			);
			name = "[CP] Check Pods Manifest.lock";
			outputFileListPaths = (
			);
			outputPaths = (
				"$(DERIVED_FILE_DIR)/Pods-vexl-vexlTests-checkManifestLockResult.txt",
			);
			runOnlyForDeploymentPostprocessing = 0;
			shellPath = /bin/sh;
			shellScript = "diff \"${PODS_PODFILE_DIR_PATH}/Podfile.lock\" \"${PODS_ROOT}/Manifest.lock\" > /dev/null\nif [ $? != 0 ] ; then\n    # print error to STDERR\n    echo \"error: The sandbox is not in sync with the Podfile.lock. Run 'pod install' or update your CocoaPods installation.\" >&2\n    exit 1\nfi\n# This output is used by Xcode 'outputs' to avoid re-running this script phase.\necho \"SUCCESS\" > \"${SCRIPT_OUTPUT_FILE_0}\"\n";
			showEnvVarsInLog = 0;
		};
		ABC77DBE33D4E58584E972EA /* [CP] Embed Pods Frameworks */ = {
			isa = PBXShellScriptBuildPhase;
			buildActionMask = 2147483647;
			files = (
			);
			inputFileListPaths = (
				"${PODS_ROOT}/Target Support Files/Pods-vexl-vexlTests/Pods-vexl-vexlTests-frameworks-${CONFIGURATION}-input-files.xcfilelist",
			);
			name = "[CP] Embed Pods Frameworks";
			outputFileListPaths = (
				"${PODS_ROOT}/Target Support Files/Pods-vexl-vexlTests/Pods-vexl-vexlTests-frameworks-${CONFIGURATION}-output-files.xcfilelist",
			);
			runOnlyForDeploymentPostprocessing = 0;
			shellPath = /bin/sh;
			shellScript = "\"${PODS_ROOT}/Target Support Files/Pods-vexl-vexlTests/Pods-vexl-vexlTests-frameworks.sh\"\n";
			showEnvVarsInLog = 0;
		};
		B08F38B527AE7110008B344F /* 💪 R.swift */ = {
			isa = PBXShellScriptBuildPhase;
			alwaysOutOfDate = 1;
			buildActionMask = 2147483647;
			files = (
			);
			inputFileListPaths = (
			);
			inputPaths = (
			);
			name = "💪 R.swift";
			outputFileListPaths = (
			);
			outputPaths = (
				"$SRCROOT/${TARGET_NAME}/Resources/R.generated.swift",
			);
			runOnlyForDeploymentPostprocessing = 0;
			shellPath = /bin/sh;
			shellScript = "\"$PODS_ROOT/R.swift/rswift\" generate \"$SRCROOT/${TARGET_NAME}/Resources/R.generated.swift\"\n";
		};
		B08F38B827AE7110008B344F /* Setup Firebase Environment GoogleService-Info.plist */ = {
			isa = PBXShellScriptBuildPhase;
			buildActionMask = 2147483647;
			files = (
			);
			inputFileListPaths = (
			);
			inputPaths = (
			);
			name = "Setup Firebase Environment GoogleService-Info.plist";
			outputFileListPaths = (
			);
			outputPaths = (
			);
			runOnlyForDeploymentPostprocessing = 0;
			shellPath = /bin/sh;
			shellScript = "# Name of the resource we're selectively copying\nGOOGLESERVICE_INFO_PLIST=GoogleService-Info.plist\n\n# Get references to dev and prod versions of the GoogleService-Info.plist\n# NOTE: These should only live on the file system and should NOT be part of the target (since we'll be adding them to the target manually)\nGOOGLESERVICE_INFO_DEBUG=${PROJECT_DIR}/${TARGET_NAME}/Resources/GoogleServices/Debug/${GOOGLESERVICE_INFO_PLIST}\nGOOGLESERVICE_INFO_DEVEL=${PROJECT_DIR}/${TARGET_NAME}/Resources/GoogleServices/Devel/${GOOGLESERVICE_INFO_PLIST}\nGOOGLESERVICE_INFO_APPSTORE=${PROJECT_DIR}/${TARGET_NAME}/Resources/GoogleServices/AppStore/${GOOGLESERVICE_INFO_PLIST}\n\n# Make sure the debug version of GoogleService-Info.plist exists\necho \"Looking for ${GOOGLESERVICE_INFO_PLIST} in ${GOOGLESERVICE_INFO_DEBUG}\"\nif [ ! -f $GOOGLESERVICE_INFO_DEBUG ]\nthen\n    echo \"No Debug GoogleService-Info.plist found. Please ensure it's in the proper directory.\"\n    exit 1\nfi\n\n# Make sure the devel version of GoogleService-Info.plist exists\necho \"Looking for ${GOOGLESERVICE_INFO_PLIST} in ${GOOGLESERVICE_INFO_DEVEL}\"\nif [ ! -f $GOOGLESERVICE_INFO_DEVEL ]\nthen\n    echo \"No Devel GoogleService-Info.plist found. Please ensure it's in the proper directory.\"\n    exit 1\nfi\n\n# Make sure the appstore version of GoogleService-Info.plist exists\necho \"Looking for ${GOOGLESERVICE_INFO_PLIST} in ${GOOGLESERVICE_INFO_APPSTORE}\"\nif [ ! -f $GOOGLESERVICE_INFO_APPSTORE ]\nthen\n    echo \"No AppStore GoogleService-Info.plist found. Please ensure it's in the proper directory.\"\n    exit 1\nfi\n\n# Get a reference to the destination location for the GoogleService-Info.plist\nPLIST_DESTINATION=${BUILT_PRODUCTS_DIR}/${PRODUCT_NAME}.app\necho \"Will copy ${GOOGLESERVICE_INFO_PLIST} to final destination: ${PLIST_DESTINATION}\"\n\n# Copy over the prod GoogleService-Info.plist for Release builds\nif [ \"${CONFIGURATION}\" == \"Debug\" ]\nthen\n    echo \"Using ${GOOGLESERVICE_INFO_DEBUG}\"\n    cp \"${GOOGLESERVICE_INFO_DEBUG}\" \"${PLIST_DESTINATION}\"\nelif [ \"${CONFIGURATION}\" == \"Devel\" ]\nthen\n    echo \"Using ${GOOGLESERVICE_INFO_DEVEL}\"\n    cp \"${GOOGLESERVICE_INFO_DEVEL}\" \"${PLIST_DESTINATION}\"\nelse\n    echo \"Using ${GOOGLESERVICE_INFO_APPSTORE}\"\n    cp \"${GOOGLESERVICE_INFO_APPSTORE}\" \"${PLIST_DESTINATION}\"\nfi\n";
		};
		B08F38BA27AE7110008B344F /* SwiftLint */ = {
			isa = PBXShellScriptBuildPhase;
			buildActionMask = 2147483647;
			files = (
			);
			inputFileListPaths = (
			);
			inputPaths = (
			);
			name = SwiftLint;
			outputFileListPaths = (
			);
			outputPaths = (
			);
			runOnlyForDeploymentPostprocessing = 0;
			shellPath = /bin/sh;
			shellScript = "if which \"${PODS_ROOT}/SwiftLint/swiftlint\" >/dev/null; then\n\"${PODS_ROOT}/SwiftLint/swiftlint\"\nelse\necho \"warning: SwiftLint not installed, download from https://github.com/realm/SwiftLint\"\nfi";
		};
		B08F38BB27AE7110008B344F /* Crashlytics */ = {
			isa = PBXShellScriptBuildPhase;
			buildActionMask = 2147483647;
			files = (
			);
			inputFileListPaths = (
			);
			inputPaths = (
				"$(BUILT_PRODUCTS_DIR)/$(INFOPLIST_PATH)",
			);
			name = Crashlytics;
			outputFileListPaths = (
			);
			outputPaths = (
			);
			runOnlyForDeploymentPostprocessing = 0;
			shellPath = /bin/sh;
			shellScript = "\"${PODS_ROOT}/FirebaseCrashlytics/run\"";
		};
		FD3B2D3595F56A021A53F398 /* [CP] Embed Pods Frameworks */ = {
			isa = PBXShellScriptBuildPhase;
			buildActionMask = 2147483647;
			files = (
			);
			inputFileListPaths = (
				"${PODS_ROOT}/Target Support Files/Pods-vexl/Pods-vexl-frameworks-${CONFIGURATION}-input-files.xcfilelist",
			);
			name = "[CP] Embed Pods Frameworks";
			outputFileListPaths = (
				"${PODS_ROOT}/Target Support Files/Pods-vexl/Pods-vexl-frameworks-${CONFIGURATION}-output-files.xcfilelist",
			);
			runOnlyForDeploymentPostprocessing = 0;
			shellPath = /bin/sh;
			shellScript = "\"${PODS_ROOT}/Target Support Files/Pods-vexl/Pods-vexl-frameworks.sh\"\n";
			showEnvVarsInLog = 0;
		};
/* End PBXShellScriptBuildPhase section */

/* Begin PBXSourcesBuildPhase section */
		B08F38B627AE7110008B344F /* Sources */ = {
			isa = PBXSourcesBuildPhase;
			buildActionMask = 2147483647;
			files = (
				B08F392C27AE7112008B344F /* ApiInterceptor.swift in Sources */,
				B08F390D27AE7110008B344F /* InfoBarView.swift in Sources */,
				B08F399A27AE7D87008B344F /* OnboardingCoordinator.swift in Sources */,
				B08F392227AE7112008B344F /* UIColor+.swift in Sources */,
				B08F396A27AE7112008B344F /* URLRequest+.swift in Sources */,
				B08F399727AE7D33008B344F /* SplashScreenView.swift in Sources */,
				F1C6D09727BDAD7F009BD506 /* LargeButton.swift in Sources */,
				B0F206EF27AE8F6900A44E72 /* Publisher+.swift in Sources */,
				B08F390727AE7110008B344F /* UserDefault.swift in Sources */,
				B08F391727AE7112008B344F /* AuthenticationManager.swift in Sources */,
				B08F394B27AE7112008B344F /* ServerError.swift in Sources */,
				B0EEE11A27B14D3D0097031E /* WelcomeView.swift in Sources */,
				B0F206F727AEB2C000A44E72 /* UIViewStyle.swift in Sources */,
				B08F392E27AE7112008B344F /* UserService.swift in Sources */,
				B08F392A27AE7112008B344F /* ServiceAssembly.swift in Sources */,
				B08F38DF27AE7110008B344F /* DIContainer.swift in Sources */,
				B08F391E27AE7112008B344F /* AppDelegate.swift in Sources */,
				B08F394F27AE7112008B344F /* Localization.swift in Sources */,
				B08F397227AE7112008B344F /* Formatters.swift in Sources */,
				B0F206F127AE94C400A44E72 /* InitialScreenManager.swift in Sources */,
				B08F397A27AE7112008B344F /* Codable+.swift in Sources */,
				B08F395927AE7112008B344F /* ClientAPIError.swift in Sources */,
				B08F391C27AE7112008B344F /* BaseService.swift in Sources */,
				F1C6D09E27BDDD4C009BD506 /* TextStyle.swift in Sources */,
				B08F393627AE7112008B344F /* UIDevice+.swift in Sources */,
				B08F392627AE7112008B344F /* R.generated.swift in Sources */,
				F1042BA527BEF0360048C2F0 /* OnboardingView+PageControl.swift in Sources */,
				B08F396627AE7112008B344F /* Constants.swift in Sources */,
				F1C6D0A227BE9157009BD506 /* LinkTextView.swift in Sources */,
				B08F391527AE7112008B344F /* ApiService.swift in Sources */,
				B08F391927AE7112008B344F /* User.swift in Sources */,
				B08F399C27AE7D8D008B344F /* OnboardingViewModel.swift in Sources */,
				B08F397E27AE7112008B344F /* UIViewController+.swift in Sources */,
				B08F396427AE7112008B344F /* UserError.swift in Sources */,
				B08F392027AE7112008B344F /* UserDefaultsConfig.swift in Sources */,
				B08F397627AE7112008B344F /* Error+.swift in Sources */,
				B08F397C27AE7112008B344F /* SwipeNavigationController.swift in Sources */,
				B08F38E227AE7110008B344F /* Inject.swift in Sources */,
				B08F395727AE7112008B344F /* ApiRouter.swift in Sources */,
				F1042BA227BEADB70048C2F0 /* WelcomeView+Agreement.swift in Sources */,
				B08F394D27AE7112008B344F /* AppCoordinator.swift in Sources */,
				B0F206FE27AEBDD500A44E72 /* AuthRouter.swift in Sources */,
				B08F399E27AE7D92008B344F /* OnboardingView.swift in Sources */,
				B08F393F27AE7112008B344F /* APIError.swift in Sources */,
				B08F391327AE7112008B344F /* ManagerAssembly.swift in Sources */,
				B08F394527AE7112008B344F /* ReusableView.swift in Sources */,
				B08F395B27AE7112008B344F /* Appearance.swift in Sources */,
				B0F206F327AEA4C800A44E72 /* WindowCoordinator.swift in Sources */,
				B0EEE11627B14D320097031E /* WelcomeCoordinator.swift in Sources */,
				B08F393227AE7112008B344F /* SceneDelegate.swift in Sources */,
				B0EEE11827B14D360097031E /* WelcomeViewModel.swift in Sources */,
				B08F394127AE7112008B344F /* Shortcuts.swift in Sources */,
				B08F395F27AE7112008B344F /* String+.swift in Sources */,
				F1C6D0A027BDECB0009BD506 /* WelcomeView+LogoImageView.swift in Sources */,
				B08F399327AE7D1F008B344F /* SplashScreenCoordinator.swift in Sources */,
				B08F397027AE7112008B344F /* UserRouter.swift in Sources */,
				B08F394327AE7112008B344F /* Keychain+.swift in Sources */,
				B08F399527AE7D29008B344F /* SplashScreenViewModel.swift in Sources */,
			);
			runOnlyForDeploymentPostprocessing = 0;
		};
		B08F397F27AE7112008B344F /* Sources */ = {
			isa = PBXSourcesBuildPhase;
			buildActionMask = 2147483647;
			files = (
				B08F398827AE7112008B344F /* vexlTests.swift in Sources */,
			);
			runOnlyForDeploymentPostprocessing = 0;
		};
/* End PBXSourcesBuildPhase section */

/* Begin PBXTargetDependency section */
		B08F398527AE7112008B344F /* PBXTargetDependency */ = {
			isa = PBXTargetDependency;
			target = B08F38BC27AE7110008B344F /* vexl */;
			targetProxy = B08F398427AE7112008B344F /* PBXContainerItemProxy */;
		};
/* End PBXTargetDependency section */

/* Begin PBXVariantGroup section */
		B08F390127AE7110008B344F /* LaunchScreen.storyboard */ = {
			isa = PBXVariantGroup;
			children = (
				B08F390227AE7110008B344F /* Base */,
			);
			name = LaunchScreen.storyboard;
			sourceTree = "<group>";
		};
/* End PBXVariantGroup section */

/* Begin XCBuildConfiguration section */
		B08F398927AE7112008B344F /* Debug */ = {
			isa = XCBuildConfiguration;
			buildSettings = {
				ALWAYS_EMBED_SWIFT_STANDARD_LIBRARIES = YES;
				ALWAYS_SEARCH_USER_PATHS = NO;
				CLANG_ANALYZER_NONNULL = YES;
				CLANG_ANALYZER_NUMBER_OBJECT_CONVERSION = YES_AGGRESSIVE;
				CLANG_CXX_LANGUAGE_STANDARD = "gnu++17";
				CLANG_CXX_LIBRARY = "libc++";
				CLANG_ENABLE_MODULES = YES;
				CLANG_ENABLE_OBJC_ARC = YES;
				CLANG_ENABLE_OBJC_WEAK = YES;
				CLANG_WARN_BLOCK_CAPTURE_AUTORELEASING = YES;
				CLANG_WARN_BOOL_CONVERSION = YES;
				CLANG_WARN_COMMA = YES;
				CLANG_WARN_CONSTANT_CONVERSION = YES;
				CLANG_WARN_DEPRECATED_OBJC_IMPLEMENTATIONS = YES;
				CLANG_WARN_DIRECT_OBJC_ISA_USAGE = YES_ERROR;
				CLANG_WARN_DOCUMENTATION_COMMENTS = YES;
				CLANG_WARN_EMPTY_BODY = YES;
				CLANG_WARN_ENUM_CONVERSION = YES;
				CLANG_WARN_INFINITE_RECURSION = YES;
				CLANG_WARN_INT_CONVERSION = YES;
				CLANG_WARN_NON_LITERAL_NULL_CONVERSION = YES;
				CLANG_WARN_OBJC_IMPLICIT_RETAIN_SELF = YES;
				CLANG_WARN_OBJC_LITERAL_CONVERSION = YES;
				CLANG_WARN_OBJC_ROOT_CLASS = YES_ERROR;
				CLANG_WARN_QUOTED_INCLUDE_IN_FRAMEWORK_HEADER = YES;
				CLANG_WARN_RANGE_LOOP_ANALYSIS = YES;
				CLANG_WARN_STRICT_PROTOTYPES = YES;
				CLANG_WARN_SUSPICIOUS_MOVE = YES;
				CLANG_WARN_UNGUARDED_AVAILABILITY = YES_AGGRESSIVE;
				CLANG_WARN_UNREACHABLE_CODE = YES;
				CLANG_WARN__DUPLICATE_METHOD_MATCH = YES;
				"CODE_SIGN_IDENTITY[sdk=iphoneos*]" = "iPhone Developer";
				COPY_PHASE_STRIP = NO;
				DEBUG_INFORMATION_FORMAT = dwarf;
				ENABLE_STRICT_OBJC_MSGSEND = YES;
				ENABLE_TESTABILITY = YES;
				GCC_C_LANGUAGE_STANDARD = gnu11;
				GCC_DYNAMIC_NO_PIC = NO;
				GCC_NO_COMMON_BLOCKS = YES;
				GCC_OPTIMIZATION_LEVEL = 0;
				GCC_PREPROCESSOR_DEFINITIONS = (
					"DEBUG=1",
					"$(inherited)",
				);
				GCC_WARN_64_TO_32_BIT_CONVERSION = YES;
				GCC_WARN_ABOUT_RETURN_TYPE = YES_ERROR;
				GCC_WARN_UNDECLARED_SELECTOR = YES;
				GCC_WARN_UNINITIALIZED_AUTOS = YES_AGGRESSIVE;
				GCC_WARN_UNUSED_FUNCTION = YES;
				GCC_WARN_UNUSED_VARIABLE = YES;
				IPHONEOS_DEPLOYMENT_TARGET = 15.2;
				MTL_ENABLE_DEBUG_INFO = INCLUDE_SOURCE;
				MTL_FAST_MATH = YES;
				ONLY_ACTIVE_ARCH = YES;
				SDKROOT = iphoneos;
				SWIFT_VERSION = 5;
			};
			name = Debug;
		};
		B08F398A27AE7112008B344F /* Release */ = {
			isa = XCBuildConfiguration;
			buildSettings = {
				ALWAYS_EMBED_SWIFT_STANDARD_LIBRARIES = YES;
				ALWAYS_SEARCH_USER_PATHS = NO;
				CLANG_ANALYZER_NONNULL = YES;
				CLANG_ANALYZER_NUMBER_OBJECT_CONVERSION = YES_AGGRESSIVE;
				CLANG_CXX_LANGUAGE_STANDARD = "gnu++17";
				CLANG_CXX_LIBRARY = "libc++";
				CLANG_ENABLE_MODULES = YES;
				CLANG_ENABLE_OBJC_ARC = YES;
				CLANG_ENABLE_OBJC_WEAK = YES;
				CLANG_WARN_BLOCK_CAPTURE_AUTORELEASING = YES;
				CLANG_WARN_BOOL_CONVERSION = YES;
				CLANG_WARN_COMMA = YES;
				CLANG_WARN_CONSTANT_CONVERSION = YES;
				CLANG_WARN_DEPRECATED_OBJC_IMPLEMENTATIONS = YES;
				CLANG_WARN_DIRECT_OBJC_ISA_USAGE = YES_ERROR;
				CLANG_WARN_DOCUMENTATION_COMMENTS = YES;
				CLANG_WARN_EMPTY_BODY = YES;
				CLANG_WARN_ENUM_CONVERSION = YES;
				CLANG_WARN_INFINITE_RECURSION = YES;
				CLANG_WARN_INT_CONVERSION = YES;
				CLANG_WARN_NON_LITERAL_NULL_CONVERSION = YES;
				CLANG_WARN_OBJC_IMPLICIT_RETAIN_SELF = YES;
				CLANG_WARN_OBJC_LITERAL_CONVERSION = YES;
				CLANG_WARN_OBJC_ROOT_CLASS = YES_ERROR;
				CLANG_WARN_QUOTED_INCLUDE_IN_FRAMEWORK_HEADER = YES;
				CLANG_WARN_RANGE_LOOP_ANALYSIS = YES;
				CLANG_WARN_STRICT_PROTOTYPES = YES;
				CLANG_WARN_SUSPICIOUS_MOVE = YES;
				CLANG_WARN_UNGUARDED_AVAILABILITY = YES_AGGRESSIVE;
				CLANG_WARN_UNREACHABLE_CODE = YES;
				CLANG_WARN__DUPLICATE_METHOD_MATCH = YES;
				"CODE_SIGN_IDENTITY[sdk=iphoneos*]" = "iPhone Developer";
				COPY_PHASE_STRIP = NO;
				DEBUG_INFORMATION_FORMAT = "dwarf-with-dsym";
				ENABLE_NS_ASSERTIONS = NO;
				ENABLE_STRICT_OBJC_MSGSEND = YES;
				GCC_C_LANGUAGE_STANDARD = gnu11;
				GCC_NO_COMMON_BLOCKS = YES;
				GCC_WARN_64_TO_32_BIT_CONVERSION = YES;
				GCC_WARN_ABOUT_RETURN_TYPE = YES_ERROR;
				GCC_WARN_UNDECLARED_SELECTOR = YES;
				GCC_WARN_UNINITIALIZED_AUTOS = YES_AGGRESSIVE;
				GCC_WARN_UNUSED_FUNCTION = YES;
				GCC_WARN_UNUSED_VARIABLE = YES;
				IPHONEOS_DEPLOYMENT_TARGET = 15.2;
				MTL_ENABLE_DEBUG_INFO = NO;
				MTL_FAST_MATH = YES;
				SDKROOT = iphoneos;
				SWIFT_COMPILATION_MODE = wholemodule;
				SWIFT_VERSION = 5;
				VALIDATE_PRODUCT = YES;
			};
			name = Release;
		};
		B08F398C27AE7112008B344F /* Debug */ = {
			isa = XCBuildConfiguration;
			baseConfigurationReference = DF8AC1A170DAA6A83E1E979B /* Pods-vexl.debug.xcconfig */;
			buildSettings = {
				ALWAYS_EMBED_SWIFT_STANDARD_LIBRARIES = "$(inherited)";
				ASSETCATALOG_COMPILER_APPICON_NAME = AppIcon;
				CODE_SIGN_STYLE = Automatic;
				CURRENT_PROJECT_VERSION = 1;
				DEBUG_INFORMATION_FORMAT = "dwarf-with-dsym";
				DEVELOPMENT_TEAM = SHD6TUKSPH;
				ENABLE_PREVIEWS = YES;
				GENERATE_INFOPLIST_FILE = NO;
				INFOPLIST_FILE = vexl/Info.plist;
				IPHONEOS_DEPLOYMENT_TARGET = 14.0;
				MARKETING_VERSION = 1.0;
				PRODUCT_BUNDLE_IDENTIFIER = com.vexl;
				PRODUCT_NAME = "$(TARGET_NAME)";
				SWIFT_EMIT_LOC_STRINGS = YES;
				SWIFT_OPTIMIZATION_LEVEL = "-Onone";
				TARGETED_DEVICE_FAMILY = "1,2";
				VERSIONING_SYSTEM = "apple-generic";
			};
			name = Debug;
		};
		B08F398D27AE7112008B344F /* Release */ = {
			isa = XCBuildConfiguration;
			baseConfigurationReference = 625779B2774E3C48F23BBA21 /* Pods-vexl.release.xcconfig */;
			buildSettings = {
				ALWAYS_EMBED_SWIFT_STANDARD_LIBRARIES = "$(inherited)";
				ASSETCATALOG_COMPILER_APPICON_NAME = AppIcon;
				CODE_SIGN_STYLE = Automatic;
				CURRENT_PROJECT_VERSION = 1;
				DEBUG_INFORMATION_FORMAT = "dwarf-with-dsym";
				DEVELOPMENT_TEAM = SHD6TUKSPH;
				ENABLE_PREVIEWS = YES;
				GENERATE_INFOPLIST_FILE = NO;
				INFOPLIST_FILE = vexl/Info.plist;
				IPHONEOS_DEPLOYMENT_TARGET = 14.0;
				MARKETING_VERSION = 1.0;
				PRODUCT_BUNDLE_IDENTIFIER = com.vexl;
				PRODUCT_NAME = "$(TARGET_NAME)";
				SWIFT_EMIT_LOC_STRINGS = YES;
				SWIFT_OPTIMIZATION_LEVEL = "-Onone";
				TARGETED_DEVICE_FAMILY = "1,2";
				VERSIONING_SYSTEM = "apple-generic";
			};
			name = Release;
		};
		B08F398F27AE7112008B344F /* Debug */ = {
			isa = XCBuildConfiguration;
			baseConfigurationReference = 1627349009CA3CC8460BA3C3 /* Pods-vexl-vexlTests.debug.xcconfig */;
			buildSettings = {
				ALWAYS_EMBED_SWIFT_STANDARD_LIBRARIES = YES;
				BUNDLE_LOADER = "$(TEST_HOST)";
				CODE_SIGN_STYLE = Automatic;
				CURRENT_PROJECT_VERSION = 1;
				DEVELOPMENT_TEAM = SHD6TUKSPH;
				GENERATE_INFOPLIST_FILE = YES;
				MARKETING_VERSION = 1.0;
				PRODUCT_BUNDLE_IDENTIFIER = com.vexlTests;
				PRODUCT_NAME = "$(TARGET_NAME)";
				SWIFT_EMIT_LOC_STRINGS = NO;
				TARGETED_DEVICE_FAMILY = "1,2";
				TEST_HOST = "$(BUILT_PRODUCTS_DIR)/vexl.app/vexl";
			};
			name = Debug;
		};
		B08F399027AE7112008B344F /* Release */ = {
			isa = XCBuildConfiguration;
			baseConfigurationReference = D2644FB5ADC4F80BBF36B73B /* Pods-vexl-vexlTests.release.xcconfig */;
			buildSettings = {
				ALWAYS_EMBED_SWIFT_STANDARD_LIBRARIES = YES;
				BUNDLE_LOADER = "$(TEST_HOST)";
				CODE_SIGN_STYLE = Automatic;
				CURRENT_PROJECT_VERSION = 1;
				DEVELOPMENT_TEAM = SHD6TUKSPH;
				GENERATE_INFOPLIST_FILE = YES;
				MARKETING_VERSION = 1.0;
				PRODUCT_BUNDLE_IDENTIFIER = com.vexlTests;
				PRODUCT_NAME = "$(TARGET_NAME)";
				SWIFT_EMIT_LOC_STRINGS = NO;
				TARGETED_DEVICE_FAMILY = "1,2";
				TEST_HOST = "$(BUILT_PRODUCTS_DIR)/vexl.app/vexl";
			};
			name = Release;
		};
/* End XCBuildConfiguration section */

/* Begin XCConfigurationList section */
		B08F38B427AE7110008B344F /* Build configuration list for PBXProject "vexl" */ = {
			isa = XCConfigurationList;
			buildConfigurations = (
				B08F398927AE7112008B344F /* Debug */,
				B08F398A27AE7112008B344F /* Release */,
			);
			defaultConfigurationIsVisible = 0;
			defaultConfigurationName = Release;
		};
		B08F398B27AE7112008B344F /* Build configuration list for PBXNativeTarget "vexl" */ = {
			isa = XCConfigurationList;
			buildConfigurations = (
				B08F398C27AE7112008B344F /* Debug */,
				B08F398D27AE7112008B344F /* Release */,
			);
			defaultConfigurationIsVisible = 0;
			defaultConfigurationName = Release;
		};
		B08F398E27AE7112008B344F /* Build configuration list for PBXNativeTarget "vexlTests" */ = {
			isa = XCConfigurationList;
			buildConfigurations = (
				B08F398F27AE7112008B344F /* Debug */,
				B08F399027AE7112008B344F /* Release */,
			);
			defaultConfigurationIsVisible = 0;
			defaultConfigurationName = Release;
		};
/* End XCConfigurationList section */
	};
	rootObject = B08F38B127AE7110008B344F /* Project object */;
}
